
Microsoft Visual Studio Solution File, Format Version 12.00
# Visual Studio Version 17
VisualStudioVersion = 17.2.32519.379
MinimumVisualStudioVersion = 10.0.40219.1
Project("{2150E333-8FDC-42A3-9474-1A3956D46DE8}") = "Solution Items", "Solution Items", "{80976202-DAB6-4FD7-A73D-906565C7AE03}"
	ProjectSection(SolutionItems) = preProject
		.editorconfig = .editorconfig
		.gitignore = .gitignore
		README.md = README.md
	EndProjectSection
EndProject
Project("{9A19103F-16F7-4668-BE54-9A1E7A4F7556}") = "PKaiser.Web", "src\PKaiser.Web\PKaiser.Web.csproj", "{FEF556AB-8C32-4323-9966-2B3D356FA751}"
EndProject
Project("{9A19103F-16F7-4668-BE54-9A1E7A4F7556}") = "PKaiser.Core", "src\PKaiser.Core\PKaiser.Core.csproj", "{992038ED-9E5C-48E8-ABC7-287BC2292F9A}"
EndProject
Project("{9A19103F-16F7-4668-BE54-9A1E7A4F7556}") = "PKaiser.Infrastructure", "src\PKaiser.Infrastructure\PKaiser.Infrastructure.csproj", "{D27759BE-DFAB-4CE8-9A53-DF1A908D96D2}"
EndProject
Global
	GlobalSection(SolutionConfigurationPlatforms) = preSolution
		Debug|Any CPU = Debug|Any CPU
		Release|Any CPU = Release|Any CPU
	EndGlobalSection
	GlobalSection(ProjectConfigurationPlatforms) = postSolution
		{FEF556AB-8C32-4323-9966-2B3D356FA751}.Debug|Any CPU.ActiveCfg = Debug|Any CPU
		{FEF556AB-8C32-4323-9966-2B3D356FA751}.Debug|Any CPU.Build.0 = Debug|Any CPU
		{FEF556AB-8C32-4323-9966-2B3D356FA751}.Release|Any CPU.ActiveCfg = Release|Any CPU
		{FEF556AB-8C32-4323-9966-2B3D356FA751}.Release|Any CPU.Build.0 = Release|Any CPU
		{992038ED-9E5C-48E8-ABC7-287BC2292F9A}.Debug|Any CPU.ActiveCfg = Debug|Any CPU
		{992038ED-9E5C-48E8-ABC7-287BC2292F9A}.Debug|Any CPU.Build.0 = Debug|Any CPU
		{992038ED-9E5C-48E8-ABC7-287BC2292F9A}.Release|Any CPU.ActiveCfg = Release|Any CPU
		{992038ED-9E5C-48E8-ABC7-287BC2292F9A}.Release|Any CPU.Build.0 = Release|Any CPU
		{D27759BE-DFAB-4CE8-9A53-DF1A908D96D2}.Debug|Any CPU.ActiveCfg = Debug|Any CPU
		{D27759BE-DFAB-4CE8-9A53-DF1A908D96D2}.Debug|Any CPU.Build.0 = Debug|Any CPU
		{D27759BE-DFAB-4CE8-9A53-DF1A908D96D2}.Release|Any CPU.ActiveCfg = Release|Any CPU
		{D27759BE-DFAB-4CE8-9A53-DF1A908D96D2}.Release|Any CPU.Build.0 = Release|Any CPU
	EndGlobalSection
	GlobalSection(SolutionProperties) = preSolution
		HideSolutionNode = FALSE
	EndGlobalSection
	GlobalSection(ExtensibilityGlobals) = postSolution
		SolutionGuid = {73FC9C8E-AD77-41EA-A97F-85B7EB532131}
	EndGlobalSection
EndGlobal
